// !$*UTF8*$!
{
	archiveVersion = 1;
	classes = {
	};
	objectVersion = 56;
	objects = {

/* Begin PBXBuildFile section */
		843355BC2BBAD87B008B348C /* AppDelegate.swift in Sources */ = {isa = PBXBuildFile; fileRef = 843355BB2BBAD87B008B348C /* AppDelegate.swift */; };
		843355BE2BBAD87B008B348C /* SceneDelegate.swift in Sources */ = {isa = PBXBuildFile; fileRef = 843355BD2BBAD87B008B348C /* SceneDelegate.swift */; };
		843355C02BBAD87B008B348C /* ViewController.swift in Sources */ = {isa = PBXBuildFile; fileRef = 843355BF2BBAD87B008B348C /* ViewController.swift */; };
		843355C32BBAD87B008B348C /* Main.storyboard in Resources */ = {isa = PBXBuildFile; fileRef = 843355C12BBAD87B008B348C /* Main.storyboard */; };
		843355C52BBAD87F008B348C /* Assets.xcassets in Resources */ = {isa = PBXBuildFile; fileRef = 843355C42BBAD87F008B348C /* Assets.xcassets */; };
		843355C82BBAD87F008B348C /* LaunchScreen.storyboard in Resources */ = {isa = PBXBuildFile; fileRef = 843355C62BBAD87F008B348C /* LaunchScreen.storyboard */; };
		843355D22BBAE5D2008B348C /* ContactsService.swift in Sources */ = {isa = PBXBuildFile; fileRef = 843355D12BBAE5D1008B348C /* ContactsService.swift */; };
		843355D42BBC2F13008B348C /* CustomTableViewCell.xib in Resources */ = {isa = PBXBuildFile; fileRef = 843355D32BBC2F13008B348C /* CustomTableViewCell.xib */; };
		8471602A2BBD26190016712E /* CustomViewController.swift in Sources */ = {isa = PBXBuildFile; fileRef = 847160292BBD26190016712E /* CustomViewController.swift */; };
		84A677E82BBD1FEF003AD958 /* CustomTableViewCell.swift in Sources */ = {isa = PBXBuildFile; fileRef = 84A677E72BBD1FEF003AD958 /* CustomTableViewCell.swift */; };
/* End PBXBuildFile section */

/* Begin PBXFileReference section */
		843355B82BBAD87B008B348C /* m_14.app */ = {isa = PBXFileReference; explicitFileType = wrapper.application; includeInIndex = 0; path = m_14.app; sourceTree = BUILT_PRODUCTS_DIR; };
		843355BB2BBAD87B008B348C /* AppDelegate.swift */ = {isa = PBXFileReference; lastKnownFileType = sourcecode.swift; path = AppDelegate.swift; sourceTree = "<group>"; };
		843355BD2BBAD87B008B348C /* SceneDelegate.swift */ = {isa = PBXFileReference; lastKnownFileType = sourcecode.swift; path = SceneDelegate.swift; sourceTree = "<group>"; };
		843355BF2BBAD87B008B348C /* ViewController.swift */ = {isa = PBXFileReference; lastKnownFileType = sourcecode.swift; path = ViewController.swift; sourceTree = "<group>"; };
		843355C22BBAD87B008B348C /* Base */ = {isa = PBXFileReference; lastKnownFileType = file.storyboard; name = Base; path = Base.lproj/Main.storyboard; sourceTree = "<group>"; };
		843355C42BBAD87F008B348C /* Assets.xcassets */ = {isa = PBXFileReference; lastKnownFileType = folder.assetcatalog; path = Assets.xcassets; sourceTree = "<group>"; };
		843355C72BBAD87F008B348C /* Base */ = {isa = PBXFileReference; lastKnownFileType = file.storyboard; name = Base; path = Base.lproj/LaunchScreen.storyboard; sourceTree = "<group>"; };
		843355C92BBAD87F008B348C /* Info.plist */ = {isa = PBXFileReference; lastKnownFileType = text.plist.xml; path = Info.plist; sourceTree = "<group>"; };
		843355D12BBAE5D1008B348C /* ContactsService.swift */ = {isa = PBXFileReference; fileEncoding = 4; lastKnownFileType = sourcecode.swift; name = ContactsService.swift; path = ../../../../../Downloads/ContactsService.swift; sourceTree = "<group>"; };
		843355D32BBC2F13008B348C /* CustomTableViewCell.xib */ = {isa = PBXFileReference; lastKnownFileType = file.xib; path = CustomTableViewCell.xib; sourceTree = "<group>"; };
		847160292BBD26190016712E /* CustomViewController.swift */ = {isa = PBXFileReference; lastKnownFileType = sourcecode.swift; path = CustomViewController.swift; sourceTree = "<group>"; };
		84A677E72BBD1FEF003AD958 /* CustomTableViewCell.swift */ = {isa = PBXFileReference; lastKnownFileType = sourcecode.swift; path = CustomTableViewCell.swift; sourceTree = "<group>"; };
/* End PBXFileReference section */

/* Begin PBXFrameworksBuildPhase section */
		843355B52BBAD87B008B348C /* Frameworks */ = {
			isa = PBXFrameworksBuildPhase;
			buildActionMask = 2147483647;
			files = (
			);
			runOnlyForDeploymentPostprocessing = 0;
		};
/* End PBXFrameworksBuildPhase section */

/* Begin PBXGroup section */
		843355AF2BBAD87B008B348C = {
			isa = PBXGroup;
			children = (
				843355BA2BBAD87B008B348C /* m_14 */,
				843355B92BBAD87B008B348C /* Products */,
			);
			sourceTree = "<group>";
		};
		843355B92BBAD87B008B348C /* Products */ = {
			isa = PBXGroup;
			children = (
				843355B82BBAD87B008B348C /* m_14.app */,
			);
			name = Products;
			sourceTree = "<group>";
		};
		843355BA2BBAD87B008B348C /* m_14 */ = {
			isa = PBXGroup;
			children = (
				84A677E62BBD1FAA003AD958 /* Cells */,
				843355BB2BBAD87B008B348C /* AppDelegate.swift */,
				843355BD2BBAD87B008B348C /* SceneDelegate.swift */,
				843355BF2BBAD87B008B348C /* ViewController.swift */,
				847160292BBD26190016712E /* CustomViewController.swift */,
				843355D12BBAE5D1008B348C /* ContactsService.swift */,
				843355C12BBAD87B008B348C /* Main.storyboard */,
				843355C42BBAD87F008B348C /* Assets.xcassets */,
				843355C62BBAD87F008B348C /* LaunchScreen.storyboard */,
				843355C92BBAD87F008B348C /* Info.plist */,
			);
			path = m_14;
			sourceTree = "<group>";
		};
		84A677E62BBD1FAA003AD958 /* Cells */ = {
			isa = PBXGroup;
			children = (
				84A677E72BBD1FEF003AD958 /* CustomTableViewCell.swift */,
				843355D32BBC2F13008B348C /* CustomTableViewCell.xib */,
			);
			path = Cells;
			sourceTree = "<group>";
		};
/* End PBXGroup section */

/* Begin PBXNativeTarget section */
		843355B72BBAD87B008B348C /* m_14 */ = {
			isa = PBXNativeTarget;
			buildConfigurationList = 843355CC2BBAD87F008B348C /* Build configuration list for PBXNativeTarget "m_14" */;
			buildPhases = (
				843355B42BBAD87B008B348C /* Sources */,
				843355B52BBAD87B008B348C /* Frameworks */,
				843355B62BBAD87B008B348C /* Resources */,
			);
			buildRules = (
			);
			dependencies = (
			);
			name = m_14;
			productName = m_14;
			productReference = 843355B82BBAD87B008B348C /* m_14.app */;
			productType = "com.apple.product-type.application";
		};
/* End PBXNativeTarget section */

/* Begin PBXProject section */
		843355B02BBAD87B008B348C /* Project object */ = {
			isa = PBXProject;
			attributes = {
				BuildIndependentTargetsInParallel = 1;
				LastSwiftUpdateCheck = 1420;
				LastUpgradeCheck = 1420;
				TargetAttributes = {
					843355B72BBAD87B008B348C = {
						CreatedOnToolsVersion = 14.2;
					};
				};
			};
			buildConfigurationList = 843355B32BBAD87B008B348C /* Build configuration list for PBXProject "m_14" */;
			compatibilityVersion = "Xcode 14.0";
			developmentRegion = en;
			hasScannedForEncodings = 0;
			knownRegions = (
				en,
				Base,
			);
			mainGroup = 843355AF2BBAD87B008B348C;
			productRefGroup = 843355B92BBAD87B008B348C /* Products */;
			projectDirPath = "";
			projectRoot = "";
			targets = (
				843355B72BBAD87B008B348C /* m_14 */,
			);
		};
/* End PBXProject section */

/* Begin PBXResourcesBuildPhase section */
		843355B62BBAD87B008B348C /* Resources */ = {
			isa = PBXResourcesBuildPhase;
			buildActionMask = 2147483647;
			files = (
				843355C82BBAD87F008B348C /* LaunchScreen.storyboard in Resources */,
				843355D42BBC2F13008B348C /* CustomTableViewCell.xib in Resources */,
				843355C52BBAD87F008B348C /* Assets.xcassets in Resources */,
				843355C32BBAD87B008B348C /* Main.storyboard in Resources */,
			);
			runOnlyForDeploymentPostprocessing = 0;
		};
/* End PBXResourcesBuildPhase section */

/* Begin PBXSourcesBuildPhase section */
		843355B42BBAD87B008B348C /* Sources */ = {
			isa = PBXSourcesBuildPhase;
			buildActionMask = 2147483647;
			files = (
				843355C02BBAD87B008B348C /* ViewController.swift in Sources */,
				84A677E82BBD1FEF003AD958 /* CustomTableViewCell.swift in Sources */,
				843355BC2BBAD87B008B348C /* AppDelegate.swift in Sources */,
				8471602A2BBD26190016712E /* CustomViewController.swift in Sources */,
				843355D22BBAE5D2008B348C /* ContactsService.swift in Sources */,
				843355BE2BBAD87B008B348C /* SceneDelegate.swift in Sources */,
			);
			runOnlyForDeploymentPostprocessing = 0;
		};
/* End PBXSourcesBuildPhase section */

/* Begin PBXVariantGroup section */
		843355C12BBAD87B008B348C /* Main.storyboard */ = {
			isa = PBXVariantGroup;
			children = (
				843355C22BBAD87B008B348C /* Base */,
			);
			name = Main.storyboard;
			sourceTree = "<group>";
		};
		843355C62BBAD87F008B348C /* LaunchScreen.storyboard */ = {
			isa = PBXVariantGroup;
			children = (
				843355C72BBAD87F008B348C /* Base */,
			);
			name = LaunchScreen.storyboard;
			sourceTree = "<group>";
		};
/* End PBXVariantGroup section */

/* Begin XCBuildConfiguration section */
		843355CA2BBAD87F008B348C /* Debug */ = {
			isa = XCBuildConfiguration;
			buildSettings = {
				ALWAYS_SEARCH_USER_PATHS = NO;
				CLANG_ANALYZER_NONNULL = YES;
				CLANG_ANALYZER_NUMBER_OBJECT_CONVERSION = YES_AGGRESSIVE;
				CLANG_CXX_LANGUAGE_STANDARD = "gnu++20";
				CLANG_ENABLE_MODULES = YES;
				CLANG_ENABLE_OBJC_ARC = YES;
				CLANG_ENABLE_OBJC_WEAK = YES;
				CLANG_WARN_BLOCK_CAPTURE_AUTORELEASING = YES;
				CLANG_WARN_BOOL_CONVERSION = YES;
				CLANG_WARN_COMMA = YES;
				CLANG_WARN_CONSTANT_CONVERSION = YES;
				CLANG_WARN_DEPRECATED_OBJC_IMPLEMENTATIONS = YES;
				CLANG_WARN_DIRECT_OBJC_ISA_USAGE = YES_ERROR;
				CLANG_WARN_DOCUMENTATION_COMMENTS = YES;
				CLANG_WARN_EMPTY_BODY = YES;
				CLANG_WARN_ENUM_CONVERSION = YES;
				CLANG_WARN_INFINITE_RECURSION = YES;
				CLANG_WARN_INT_CONVERSION = YES;
				CLANG_WARN_NON_LITERAL_NULL_CONVERSION = YES;
				CLANG_WARN_OBJC_IMPLICIT_RETAIN_SELF = YES;
				CLANG_WARN_OBJC_LITERAL_CONVERSION = YES;
				CLANG_WARN_OBJC_ROOT_CLASS = YES_ERROR;
				CLANG_WARN_QUOTED_INCLUDE_IN_FRAMEWORK_HEADER = YES;
				CLANG_WARN_RANGE_LOOP_ANALYSIS = YES;
				CLANG_WARN_STRICT_PROTOTYPES = YES;
				CLANG_WARN_SUSPICIOUS_MOVE = YES;
				CLANG_WARN_UNGUARDED_AVAILABILITY = YES_AGGRESSIVE;
				CLANG_WARN_UNREACHABLE_CODE = YES;
				CLANG_WARN__DUPLICATE_METHOD_MATCH = YES;
				COPY_PHASE_STRIP = NO;
				DEBUG_INFORMATION_FORMAT = dwarf;
				ENABLE_STRICT_OBJC_MSGSEND = YES;
				ENABLE_TESTABILITY = YES;
				GCC_C_LANGUAGE_STANDARD = gnu11;
				GCC_DYNAMIC_NO_PIC = NO;
				GCC_NO_COMMON_BLOCKS = YES;
				GCC_OPTIMIZATION_LEVEL = 0;
				GCC_PREPROCESSOR_DEFINITIONS = (
					"DEBUG=1",
					"$(inherited)",
				);
				GCC_WARN_64_TO_32_BIT_CONVERSION = YES;
				GCC_WARN_ABOUT_RETURN_TYPE = YES_ERROR;
				GCC_WARN_UNDECLARED_SELECTOR = YES;
				GCC_WARN_UNINITIALIZED_AUTOS = YES_AGGRESSIVE;
				GCC_WARN_UNUSED_FUNCTION = YES;
				GCC_WARN_UNUSED_VARIABLE = YES;
				IPHONEOS_DEPLOYMENT_TARGET = 16.2;
				MTL_ENABLE_DEBUG_INFO = INCLUDE_SOURCE;
				MTL_FAST_MATH = YES;
				ONLY_ACTIVE_ARCH = YES;
				SDKROOT = iphoneos;
				SWIFT_ACTIVE_COMPILATION_CONDITIONS = DEBUG;
				SWIFT_OPTIMIZATION_LEVEL = "-Onone";
			};
			name = Debug;
		};
		843355CB2BBAD87F008B348C /* Release */ = {
			isa = XCBuildConfiguration;
			buildSettings = {
				ALWAYS_SEARCH_USER_PATHS = NO;
				CLANG_ANALYZER_NONNULL = YES;
				CLANG_ANALYZER_NUMBER_OBJECT_CONVERSION = YES_AGGRESSIVE;
				CLANG_CXX_LANGUAGE_STANDARD = "gnu++20";
				CLANG_ENABLE_MODULES = YES;
				CLANG_ENABLE_OBJC_ARC = YES;
				CLANG_ENABLE_OBJC_WEAK = YES;
				CLANG_WARN_BLOCK_CAPTURE_AUTORELEASING = YES;
				CLANG_WARN_BOOL_CONVERSION = YES;
				CLANG_WARN_COMMA = YES;
				CLANG_WARN_CONSTANT_CONVERSION = YES;
				CLANG_WARN_DEPRECATED_OBJC_IMPLEMENTATIONS = YES;
				CLANG_WARN_DIRECT_OBJC_ISA_USAGE = YES_ERROR;
				CLANG_WARN_DOCUMENTATION_COMMENTS = YES;
				CLANG_WARN_EMPTY_BODY = YES;
				CLANG_WARN_ENUM_CONVERSION = YES;
				CLANG_WARN_INFINITE_RECURSION = YES;
				CLANG_WARN_INT_CONVERSION = YES;
				CLANG_WARN_NON_LITERAL_NULL_CONVERSION = YES;
				CLANG_WARN_OBJC_IMPLICIT_RETAIN_SELF = YES;
				CLANG_WARN_OBJC_LITERAL_CONVERSION = YES;
				CLANG_WARN_OBJC_ROOT_CLASS = YES_ERROR;
				CLANG_WARN_QUOTED_INCLUDE_IN_FRAMEWORK_HEADER = YES;
				CLANG_WARN_RANGE_LOOP_ANALYSIS = YES;
				CLANG_WARN_STRICT_PROTOTYPES = YES;
				CLANG_WARN_SUSPICIOUS_MOVE = YES;
				CLANG_WARN_UNGUARDED_AVAILABILITY = YES_AGGRESSIVE;
				CLANG_WARN_UNREACHABLE_CODE = YES;
				CLANG_WARN__DUPLICATE_METHOD_MATCH = YES;
				COPY_PHASE_STRIP = NO;
				DEBUG_INFORMATION_FORMAT = "dwarf-with-dsym";
				ENABLE_NS_ASSERTIONS = NO;
				ENABLE_STRICT_OBJC_MSGSEND = YES;
				GCC_C_LANGUAGE_STANDARD = gnu11;
				GCC_NO_COMMON_BLOCKS = YES;
				GCC_WARN_64_TO_32_BIT_CONVERSION = YES;
				GCC_WARN_ABOUT_RETURN_TYPE = YES_ERROR;
				GCC_WARN_UNDECLARED_SELECTOR = YES;
				GCC_WARN_UNINITIALIZED_AUTOS = YES_AGGRESSIVE;
				GCC_WARN_UNUSED_FUNCTION = YES;
				GCC_WARN_UNUSED_VARIABLE = YES;
				IPHONEOS_DEPLOYMENT_TARGET = 16.2;
				MTL_ENABLE_DEBUG_INFO = NO;
				MTL_FAST_MATH = YES;
				SDKROOT = iphoneos;
				SWIFT_COMPILATION_MODE = wholemodule;
				SWIFT_OPTIMIZATION_LEVEL = "-O";
				VALIDATE_PRODUCT = YES;
			};
			name = Release;
		};
		843355CD2BBAD87F008B348C /* Debug */ = {
			isa = XCBuildConfiguration;
			buildSettings = {
				ASSETCATALOG_COMPILER_APPICON_NAME = AppIcon;
				ASSETCATALOG_COMPILER_GLOBAL_ACCENT_COLOR_NAME = AccentColor;
				CODE_SIGN_STYLE = Automatic;
				CURRENT_PROJECT_VERSION = 1;
				GENERATE_INFOPLIST_FILE = YES;
				INFOPLIST_FILE = m_14/Info.plist;
				INFOPLIST_KEY_UIApplicationSupportsIndirectInputEvents = YES;
				INFOPLIST_KEY_UILaunchStoryboardName = LaunchScreen;
				INFOPLIST_KEY_UIMainStoryboardFile = Main;
				INFOPLIST_KEY_UISupportedInterfaceOrientations_iPad = "UIInterfaceOrientationPortrait UIInterfaceOrientationPortraitUpsideDown UIInterfaceOrientationLandscapeLeft UIInterfaceOrientationLandscapeRight";
				INFOPLIST_KEY_UISupportedInterfaceOrientations_iPhone = "UIInterfaceOrientationPortrait UIInterfaceOrientationLandscapeLeft UIInterfaceOrientationLandscapeRight";
				LD_RUNPATH_SEARCH_PATHS = (
					"$(inherited)",
					"@executable_path/Frameworks",
				);
				MARKETING_VERSION = 1.0;
				PRODUCT_BUNDLE_IDENTIFIER = "shodon.m-14";
				PRODUCT_NAME = "$(TARGET_NAME)";
				SWIFT_EMIT_LOC_STRINGS = YES;
				SWIFT_VERSION = 5.0;
				TARGETED_DEVICE_FAMILY = "1,2";
			};
			name = Debug;
		};
		843355CE2BBAD87F008B348C /* Release */ = {
			isa = XCBuildConfiguration;
			buildSettings = {
				ASSETCATALOG_COMPILER_APPICON_NAME = AppIcon;
				ASSETCATALOG_COMPILER_GLOBAL_ACCENT_COLOR_NAME = AccentColor;
				CODE_SIGN_STYLE = Automatic;
				CURRENT_PROJECT_VERSION = 1;
				GENERATE_INFOPLIST_FILE = YES;
				INFOPLIST_FILE = m_14/Info.plist;
				INFOPLIST_KEY_UIApplicationSupportsIndirectInputEvents = YES;
				INFOPLIST_KEY_UILaunchStoryboardName = LaunchScreen;
				INFOPLIST_KEY_UIMainStoryboardFile = Main;
				INFOPLIST_KEY_UISupportedInterfaceOrientations_iPad = "UIInterfaceOrientationPortrait UIInterfaceOrientationPortraitUpsideDown UIInterfaceOrientationLandscapeLeft UIInterfaceOrientationLandscapeRight";
				INFOPLIST_KEY_UISupportedInterfaceOrientations_iPhone = "UIInterfaceOrientationPortrait UIInterfaceOrientationLandscapeLeft UIInterfaceOrientationLandscapeRight";
				LD_RUNPATH_SEARCH_PATHS = (
					"$(inherited)",
					"@executable_path/Frameworks",
				);
				MARKETING_VERSION = 1.0;
				PRODUCT_BUNDLE_IDENTIFIER = "shodon.m-14";
				PRODUCT_NAME = "$(TARGET_NAME)";
				SWIFT_EMIT_LOC_STRINGS = YES;
				SWIFT_VERSION = 5.0;
				TARGETED_DEVICE_FAMILY = "1,2";
			};
			name = Release;
		};
/* End XCBuildConfiguration section */

/* Begin XCConfigurationList section */
		843355B32BBAD87B008B348C /* Build configuration list for PBXProject "m_14" */ = {
			isa = XCConfigurationList;
			buildConfigurations = (
				843355CA2BBAD87F008B348C /* Debug */,
				843355CB2BBAD87F008B348C /* Release */,
			);
			defaultConfigurationIsVisible = 0;
			defaultConfigurationName = Release;
		};
		843355CC2BBAD87F008B348C /* Build configuration list for PBXNativeTarget "m_14" */ = {
			isa = XCConfigurationList;
			buildConfigurations = (
				843355CD2BBAD87F008B348C /* Debug */,
				843355CE2BBAD87F008B348C /* Release */,
			);
			defaultConfigurationIsVisible = 0;
			defaultConfigurationName = Release;
		};
/* End XCConfigurationList section */
	};
	rootObject = 843355B02BBAD87B008B348C /* Project object */;
}
